
Microsoft Visual Studio Solution File, Format Version 12.00
# Visual Studio Version 16
VisualStudioVersion = 16.0.29424.173
MinimumVisualStudioVersion = 10.0.40219.1
Project("{FAE04EC0-301F-11D3-BF4B-00C04F79EFBC}") = "Uppgift1", "Uppgift1\Uppgift1.csproj", "{78A45CBB-6981-420C-8D12-8295F40AD798}"
EndProject
Project("{FAE04EC0-301F-11D3-BF4B-00C04F79EFBC}") = "Uppgift2", "Uppgift2\Uppgift2.csproj", "{DF0A3793-0CAE-4743-ACE0-00C74E23FDC1}"
EndProject
Project("{FAE04EC0-301F-11D3-BF4B-00C04F79EFBC}") = "Uppgift3", "Uppgift3\Uppgift3.csproj", "{B0C74AB3-528A-4F24-B569-0159AF86DD75}"
EndProject
Project("{FAE04EC0-301F-11D3-BF4B-00C04F79EFBC}") = "Uppgift5", "Uppgift5\Uppgift5.csproj", "{8C47A1F9-5C36-41C9-AA3B-E96C2DF3A641}"
EndProject
Project("{FAE04EC0-301F-11D3-BF4B-00C04F79EFBC}") = "Uppgift4.1", "Uppgift4.1\Uppgift4.1.csproj", "{5E44E744-4D82-4F9C-86D3-7A1EB41B17D4}"
EndProject
Global
	GlobalSection(SolutionConfigurationPlatforms) = preSolution
		Debug|Any CPU = Debug|Any CPU
		Release|Any CPU = Release|Any CPU
	EndGlobalSection
	GlobalSection(ProjectConfigurationPlatforms) = postSolution
		{78A45CBB-6981-420C-8D12-8295F40AD798}.Debug|Any CPU.ActiveCfg = Debug|Any CPU
		{78A45CBB-6981-420C-8D12-8295F40AD798}.Debug|Any CPU.Build.0 = Debug|Any CPU
		{78A45CBB-6981-420C-8D12-8295F40AD798}.Release|Any CPU.ActiveCfg = Release|Any CPU
		{78A45CBB-6981-420C-8D12-8295F40AD798}.Release|Any CPU.Build.0 = Release|Any CPU
		{DF0A3793-0CAE-4743-ACE0-00C74E23FDC1}.Debug|Any CPU.ActiveCfg = Debug|Any CPU
		{DF0A3793-0CAE-4743-ACE0-00C74E23FDC1}.Debug|Any CPU.Build.0 = Debug|Any CPU
		{DF0A3793-0CAE-4743-ACE0-00C74E23FDC1}.Release|Any CPU.ActiveCfg = Release|Any CPU
		{DF0A3793-0CAE-4743-ACE0-00C74E23FDC1}.Release|Any CPU.Build.0 = Release|Any CPU
		{B0C74AB3-528A-4F24-B569-0159AF86DD75}.Debug|Any CPU.ActiveCfg = Debug|Any CPU
		{B0C74AB3-528A-4F24-B569-0159AF86DD75}.Debug|Any CPU.Build.0 = Debug|Any CPU
		{B0C74AB3-528A-4F24-B569-0159AF86DD75}.Release|Any CPU.ActiveCfg = Release|Any CPU
		{B0C74AB3-528A-4F24-B569-0159AF86DD75}.Release|Any CPU.Build.0 = Release|Any CPU
		{8C47A1F9-5C36-41C9-AA3B-E96C2DF3A641}.Debug|Any CPU.ActiveCfg = Debug|Any CPU
		{8C47A1F9-5C36-41C9-AA3B-E96C2DF3A641}.Debug|Any CPU.Build.0 = Debug|Any CPU
		{8C47A1F9-5C36-41C9-AA3B-E96C2DF3A641}.Release|Any CPU.ActiveCfg = Release|Any CPU
		{8C47A1F9-5C36-41C9-AA3B-E96C2DF3A641}.Release|Any CPU.Build.0 = Release|Any CPU
		{5E44E744-4D82-4F9C-86D3-7A1EB41B17D4}.Debug|Any CPU.ActiveCfg = Debug|Any CPU
		{5E44E744-4D82-4F9C-86D3-7A1EB41B17D4}.Debug|Any CPU.Build.0 = Debug|Any CPU
		{5E44E744-4D82-4F9C-86D3-7A1EB41B17D4}.Release|Any CPU.ActiveCfg = Release|Any CPU
		{5E44E744-4D82-4F9C-86D3-7A1EB41B17D4}.Release|Any CPU.Build.0 = Release|Any CPU
	EndGlobalSection
	GlobalSection(SolutionProperties) = preSolution
		HideSolutionNode = FALSE
	EndGlobalSection
	GlobalSection(ExtensibilityGlobals) = postSolution
		SolutionGuid = {08153915-A406-45BE-90AD-2DA0A5FFB0EF}
	EndGlobalSection
EndGlobal
